
Microsoft Visual Studio Solution File, Format Version 12.00
# Visual Studio 15
VisualStudioVersion = 15.0.27004.2009
MinimumVisualStudioVersion = 10.0.40219.1
Project("{888888A0-9F3D-457C-B088-3A5042F75D52}") = "WatchGo", "WatchGo.pyproj", "{4E57B23F-ED28-4191-80B8-6A150E38FD19}"
EndProject
Global
	GlobalSection(SolutionConfigurationPlatforms) = preSolution
		Debug|Any CPU = Debug|Any CPU
		Release|Any CPU = Release|Any CPU
	EndGlobalSection
	GlobalSection(ProjectConfigurationPlatforms) = postSolution
		{4E57B23F-ED28-4191-80B8-6A150E38FD19}.Debug|Any CPU.ActiveCfg = Debug|Any CPU
		{4E57B23F-ED28-4191-80B8-6A150E38FD19}.Release|Any CPU.ActiveCfg = Release|Any CPU
	EndGlobalSection
	GlobalSection(SolutionProperties) = preSolution
		HideSolutionNode = FALSE
	EndGlobalSection
	GlobalSection(ExtensibilityGlobals) = postSolution
		SolutionGuid = {065D78FB-D591-4296-B9E3-58A446213383}
	EndGlobalSection
EndGlobal
